// !$*UTF8*$!
{
	archiveVersion = 1;
	classes = {
	};
	objectVersion = 50;
	objects = {

/* Begin PBXBuildFile section */
		7A27D6DA21085E0400CB3084 /* AppDelegate.swift in Sources */ = {isa = PBXBuildFile; fileRef = 7A27D6D921085E0400CB3084 /* AppDelegate.swift */; };
		7A27D6DC21085E0400CB3084 /* ViewController.swift in Sources */ = {isa = PBXBuildFile; fileRef = 7A27D6DB21085E0400CB3084 /* ViewController.swift */; };
		7A27D6DF21085E0400CB3084 /* Main.storyboard in Resources */ = {isa = PBXBuildFile; fileRef = 7A27D6DD21085E0400CB3084 /* Main.storyboard */; };
		7A27D6E221085E0400CB3084 /* pomodoro.xcdatamodeld in Sources */ = {isa = PBXBuildFile; fileRef = 7A27D6E021085E0400CB3084 /* pomodoro.xcdatamodeld */; };
		7A27D6E421085E0600CB3084 /* Assets.xcassets in Resources */ = {isa = PBXBuildFile; fileRef = 7A27D6E321085E0600CB3084 /* Assets.xcassets */; };
		7A27D6E721085E0600CB3084 /* LaunchScreen.storyboard in Resources */ = {isa = PBXBuildFile; fileRef = 7A27D6E521085E0600CB3084 /* LaunchScreen.storyboard */; };
		DD35310B21089BED00C98318 /* Task+CoreDataClass.swift in Sources */ = {isa = PBXBuildFile; fileRef = DD35310921089BED00C98318 /* Task+CoreDataClass.swift */; };
		DD35310C21089BED00C98318 /* Task+CoreDataProperties.swift in Sources */ = {isa = PBXBuildFile; fileRef = DD35310A21089BED00C98318 /* Task+CoreDataProperties.swift */; };
		DD35310E21089F3C00C98318 /* DetailViewController.swift in Sources */ = {isa = PBXBuildFile; fileRef = DD35310D21089F3C00C98318 /* DetailViewController.swift */; };
		DDD6DBB82108AFB800634B6F /* IQKeyboardManagerSwift.framework in Frameworks */ = {isa = PBXBuildFile; fileRef = DDD6DBB72108AFB800634B6F /* IQKeyboardManagerSwift.framework */; };
		F442E8E28225136B0B2EDBB9 /* Pods_pomodoro.framework in Frameworks */ = {isa = PBXBuildFile; fileRef = F5101FAA615CC849F8133242 /* Pods_pomodoro.framework */; };
/* End PBXBuildFile section */

/* Begin PBXFileReference section */
		7832263BEAE9F99EF1435571 /* Pods-pomodoro.debug.xcconfig */ = {isa = PBXFileReference; includeInIndex = 1; lastKnownFileType = text.xcconfig; name = "Pods-pomodoro.debug.xcconfig"; path = "Pods/Target Support Files/Pods-pomodoro/Pods-pomodoro.debug.xcconfig"; sourceTree = "<group>"; };
		7A27D6D621085E0400CB3084 /* pomodoro.app */ = {isa = PBXFileReference; explicitFileType = wrapper.application; includeInIndex = 0; path = pomodoro.app; sourceTree = BUILT_PRODUCTS_DIR; };
		7A27D6D921085E0400CB3084 /* AppDelegate.swift */ = {isa = PBXFileReference; lastKnownFileType = sourcecode.swift; path = AppDelegate.swift; sourceTree = "<group>"; };
		7A27D6DB21085E0400CB3084 /* ViewController.swift */ = {isa = PBXFileReference; lastKnownFileType = sourcecode.swift; path = ViewController.swift; sourceTree = "<group>"; };
		7A27D6DE21085E0400CB3084 /* Base */ = {isa = PBXFileReference; lastKnownFileType = file.storyboard; name = Base; path = Base.lproj/Main.storyboard; sourceTree = "<group>"; };
		7A27D6E121085E0400CB3084 /* pomodoro.xcdatamodel */ = {isa = PBXFileReference; lastKnownFileType = wrapper.xcdatamodel; path = pomodoro.xcdatamodel; sourceTree = "<group>"; };
		7A27D6E321085E0600CB3084 /* Assets.xcassets */ = {isa = PBXFileReference; lastKnownFileType = folder.assetcatalog; path = Assets.xcassets; sourceTree = "<group>"; };
		7A27D6E621085E0600CB3084 /* Base */ = {isa = PBXFileReference; lastKnownFileType = file.storyboard; name = Base; path = Base.lproj/LaunchScreen.storyboard; sourceTree = "<group>"; };
		7A27D6E821085E0600CB3084 /* Info.plist */ = {isa = PBXFileReference; lastKnownFileType = text.plist.xml; path = Info.plist; sourceTree = "<group>"; };
		D7AFB18B769E2129C5B23387 /* Pods-pomodoro.release.xcconfig */ = {isa = PBXFileReference; includeInIndex = 1; lastKnownFileType = text.xcconfig; name = "Pods-pomodoro.release.xcconfig"; path = "Pods/Target Support Files/Pods-pomodoro/Pods-pomodoro.release.xcconfig"; sourceTree = "<group>"; };
		DD35310921089BED00C98318 /* Task+CoreDataClass.swift */ = {isa = PBXFileReference; lastKnownFileType = sourcecode.swift; path = "Task+CoreDataClass.swift"; sourceTree = "<group>"; };
		DD35310A21089BED00C98318 /* Task+CoreDataProperties.swift */ = {isa = PBXFileReference; lastKnownFileType = sourcecode.swift; path = "Task+CoreDataProperties.swift"; sourceTree = "<group>"; };
		DD35310D21089F3C00C98318 /* DetailViewController.swift */ = {isa = PBXFileReference; lastKnownFileType = sourcecode.swift; path = DetailViewController.swift; sourceTree = "<group>"; };
		DDD6DBB72108AFB800634B6F /* IQKeyboardManagerSwift.framework */ = {isa = PBXFileReference; explicitFileType = wrapper.framework; path = IQKeyboardManagerSwift.framework; sourceTree = BUILT_PRODUCTS_DIR; };
		F5101FAA615CC849F8133242 /* Pods_pomodoro.framework */ = {isa = PBXFileReference; explicitFileType = wrapper.framework; includeInIndex = 0; path = Pods_pomodoro.framework; sourceTree = BUILT_PRODUCTS_DIR; };
/* End PBXFileReference section */

/* Begin PBXFrameworksBuildPhase section */
		7A27D6D321085E0400CB3084 /* Frameworks */ = {
			isa = PBXFrameworksBuildPhase;
			buildActionMask = 2147483647;
			files = (
				DDD6DBB82108AFB800634B6F /* IQKeyboardManagerSwift.framework in Frameworks */,
				F442E8E28225136B0B2EDBB9 /* Pods_pomodoro.framework in Frameworks */,
			);
			runOnlyForDeploymentPostprocessing = 0;
		};
/* End PBXFrameworksBuildPhase section */

/* Begin PBXGroup section */
		7A27D6CD21085E0400CB3084 = {
			isa = PBXGroup;
			children = (
				DD35310921089BED00C98318 /* Task+CoreDataClass.swift */,
				DD35310A21089BED00C98318 /* Task+CoreDataProperties.swift */,
				7A27D6D821085E0400CB3084 /* pomodoro */,
				7A27D6D721085E0400CB3084 /* Products */,
				D26890B5EA95652519792B55 /* Pods */,
				A857EDA4E6E853EE72C109F9 /* Frameworks */,
			);
			sourceTree = "<group>";
		};
		7A27D6D721085E0400CB3084 /* Products */ = {
			isa = PBXGroup;
			children = (
				7A27D6D621085E0400CB3084 /* pomodoro.app */,
			);
			name = Products;
			sourceTree = "<group>";
		};
		7A27D6D821085E0400CB3084 /* pomodoro */ = {
			isa = PBXGroup;
			children = (
				7A27D6D921085E0400CB3084 /* AppDelegate.swift */,
				7A27D6DB21085E0400CB3084 /* ViewController.swift */,
				DD35310D21089F3C00C98318 /* DetailViewController.swift */,
				7A27D6DD21085E0400CB3084 /* Main.storyboard */,
				7A27D6E321085E0600CB3084 /* Assets.xcassets */,
				7A27D6E521085E0600CB3084 /* LaunchScreen.storyboard */,
				7A27D6E821085E0600CB3084 /* Info.plist */,
				7A27D6E021085E0400CB3084 /* pomodoro.xcdatamodeld */,
			);
			path = pomodoro;
			sourceTree = "<group>";
		};
		A857EDA4E6E853EE72C109F9 /* Frameworks */ = {
			isa = PBXGroup;
			children = (
				DDD6DBB72108AFB800634B6F /* IQKeyboardManagerSwift.framework */,
				F5101FAA615CC849F8133242 /* Pods_pomodoro.framework */,
			);
			name = Frameworks;
			sourceTree = "<group>";
		};
		D26890B5EA95652519792B55 /* Pods */ = {
			isa = PBXGroup;
			children = (
				7832263BEAE9F99EF1435571 /* Pods-pomodoro.debug.xcconfig */,
				D7AFB18B769E2129C5B23387 /* Pods-pomodoro.release.xcconfig */,
			);
			name = Pods;
			sourceTree = "<group>";
		};
/* End PBXGroup section */

/* Begin PBXNativeTarget section */
		7A27D6D521085E0400CB3084 /* pomodoro */ = {
			isa = PBXNativeTarget;
			buildConfigurationList = 7A27D6EB21085E0600CB3084 /* Build configuration list for PBXNativeTarget "pomodoro" */;
			buildPhases = (
				882FBF8C9292B97940E936B0 /* [CP] Check Pods Manifest.lock */,
				7A27D6D221085E0400CB3084 /* Sources */,
				7A27D6D321085E0400CB3084 /* Frameworks */,
				7A27D6D421085E0400CB3084 /* Resources */,
				C2C4519C4F2E6F25AA8C5D1A /* [CP] Embed Pods Frameworks */,
			);
			buildRules = (
			);
			dependencies = (
			);
			name = pomodoro;
			productName = pomodoro;
			productReference = 7A27D6D621085E0400CB3084 /* pomodoro.app */;
			productType = "com.apple.product-type.application";
		};
/* End PBXNativeTarget section */

/* Begin PBXProject section */
		7A27D6CE21085E0400CB3084 /* Project object */ = {
			isa = PBXProject;
			attributes = {
				LastSwiftUpdateCheck = 0940;
				LastUpgradeCheck = 0940;
				ORGANIZATIONNAME = reo;
				TargetAttributes = {
					7A27D6D521085E0400CB3084 = {
						CreatedOnToolsVersion = 9.4.1;
					};
				};
			};
			buildConfigurationList = 7A27D6D121085E0400CB3084 /* Build configuration list for PBXProject "pomodoro" */;
			compatibilityVersion = "Xcode 9.3";
			developmentRegion = en;
			hasScannedForEncodings = 0;
			knownRegions = (
				en,
				Base,
			);
			mainGroup = 7A27D6CD21085E0400CB3084;
			productRefGroup = 7A27D6D721085E0400CB3084 /* Products */;
			projectDirPath = "";
			projectRoot = "";
			targets = (
				7A27D6D521085E0400CB3084 /* pomodoro */,
			);
		};
/* End PBXProject section */

/* Begin PBXResourcesBuildPhase section */
		7A27D6D421085E0400CB3084 /* Resources */ = {
			isa = PBXResourcesBuildPhase;
			buildActionMask = 2147483647;
			files = (
				7A27D6E721085E0600CB3084 /* LaunchScreen.storyboard in Resources */,
				7A27D6E421085E0600CB3084 /* Assets.xcassets in Resources */,
				7A27D6DF21085E0400CB3084 /* Main.storyboard in Resources */,
			);
			runOnlyForDeploymentPostprocessing = 0;
		};
/* End PBXResourcesBuildPhase section */

/* Begin PBXShellScriptBuildPhase section */
		882FBF8C9292B97940E936B0 /* [CP] Check Pods Manifest.lock */ = {
			isa = PBXShellScriptBuildPhase;
			buildActionMask = 2147483647;
			files = (
			);
			inputPaths = (
				"${PODS_PODFILE_DIR_PATH}/Podfile.lock",
				"${PODS_ROOT}/Manifest.lock",
			);
			name = "[CP] Check Pods Manifest.lock";
			outputPaths = (
				"$(DERIVED_FILE_DIR)/Pods-pomodoro-checkManifestLockResult.txt",
			);
			runOnlyForDeploymentPostprocessing = 0;
			shellPath = /bin/sh;
			shellScript = "diff \"${PODS_PODFILE_DIR_PATH}/Podfile.lock\" \"${PODS_ROOT}/Manifest.lock\" > /dev/null\nif [ $? != 0 ] ; then\n    # print error to STDERR\n    echo \"error: The sandbox is not in sync with the Podfile.lock. Run 'pod install' or update your CocoaPods installation.\" >&2\n    exit 1\nfi\n# This output is used by Xcode 'outputs' to avoid re-running this script phase.\necho \"SUCCESS\" > \"${SCRIPT_OUTPUT_FILE_0}\"\n";
			showEnvVarsInLog = 0;
		};
		C2C4519C4F2E6F25AA8C5D1A /* [CP] Embed Pods Frameworks */ = {
			isa = PBXShellScriptBuildPhase;
			buildActionMask = 2147483647;
			files = (
			);
			inputPaths = (
				"${SRCROOT}/Pods/Target Support Files/Pods-pomodoro/Pods-pomodoro-frameworks.sh",
				"${BUILT_PRODUCTS_DIR}/IQKeyboardManagerSwift/IQKeyboardManagerSwift.framework",
			);
			name = "[CP] Embed Pods Frameworks";
			outputPaths = (
				"${TARGET_BUILD_DIR}/${FRAMEWORKS_FOLDER_PATH}/IQKeyboardManagerSwift.framework",
			);
			runOnlyForDeploymentPostprocessing = 0;
			shellPath = /bin/sh;
			shellScript = "\"${SRCROOT}/Pods/Target Support Files/Pods-pomodoro/Pods-pomodoro-frameworks.sh\"\n";
			showEnvVarsInLog = 0;
		};
/* End PBXShellScriptBuildPhase section */

/* Begin PBXSourcesBuildPhase section */
		7A27D6D221085E0400CB3084 /* Sources */ = {
			isa = PBXSourcesBuildPhase;
			buildActionMask = 2147483647;
			files = (
				7A27D6E221085E0400CB3084 /* pomodoro.xcdatamodeld in Sources */,
				7A27D6DC21085E0400CB3084 /* ViewController.swift in Sources */,
				DD35310B21089BED00C98318 /* Task+CoreDataClass.swift in Sources */,
				DD35310E21089F3C00C98318 /* DetailViewController.swift in Sources */,
				DD35310C21089BED00C98318 /* Task+CoreDataProperties.swift in Sources */,
				7A27D6DA21085E0400CB3084 /* AppDelegate.swift in Sources */,
			);
			runOnlyForDeploymentPostprocessing = 0;
		};
/* End PBXSourcesBuildPhase section */

/* Begin PBXVariantGroup section */
		7A27D6DD21085E0400CB3084 /* Main.storyboard */ = {
			isa = PBXVariantGroup;
			children = (
				7A27D6DE21085E0400CB3084 /* Base */,
			);
			name = Main.storyboard;
			sourceTree = "<group>";
		};
		7A27D6E521085E0600CB3084 /* LaunchScreen.storyboard */ = {
			isa = PBXVariantGroup;
			children = (
				7A27D6E621085E0600CB3084 /* Base */,
			);
			name = LaunchScreen.storyboard;
			sourceTree = "<group>";
		};
/* End PBXVariantGroup section */

/* Begin XCBuildConfiguration section */
		7A27D6E921085E0600CB3084 /* Debug */ = {
			isa = XCBuildConfiguration;
			buildSettings = {
				ALWAYS_SEARCH_USER_PATHS = NO;
				CLANG_ANALYZER_NONNULL = YES;
				CLANG_ANALYZER_NUMBER_OBJECT_CONVERSION = YES_AGGRESSIVE;
				CLANG_CXX_LANGUAGE_STANDARD = "gnu++14";
				CLANG_CXX_LIBRARY = "libc++";
				CLANG_ENABLE_MODULES = YES;
				CLANG_ENABLE_OBJC_ARC = YES;
				CLANG_ENABLE_OBJC_WEAK = YES;
				CLANG_WARN_BLOCK_CAPTURE_AUTORELEASING = YES;
				CLANG_WARN_BOOL_CONVERSION = YES;
				CLANG_WARN_COMMA = YES;
				CLANG_WARN_CONSTANT_CONVERSION = YES;
				CLANG_WARN_DEPRECATED_OBJC_IMPLEMENTATIONS = YES;
				CLANG_WARN_DIRECT_OBJC_ISA_USAGE = YES_ERROR;
				CLANG_WARN_DOCUMENTATION_COMMENTS = YES;
				CLANG_WARN_EMPTY_BODY = YES;
				CLANG_WARN_ENUM_CONVERSION = YES;
				CLANG_WARN_INFINITE_RECURSION = YES;
				CLANG_WARN_INT_CONVERSION = YES;
				CLANG_WARN_NON_LITERAL_NULL_CONVERSION = YES;
				CLANG_WARN_OBJC_IMPLICIT_RETAIN_SELF = YES;
				CLANG_WARN_OBJC_LITERAL_CONVERSION = YES;
				CLANG_WARN_OBJC_ROOT_CLASS = YES_ERROR;
				CLANG_WARN_RANGE_LOOP_ANALYSIS = YES;
				CLANG_WARN_STRICT_PROTOTYPES = YES;
				CLANG_WARN_SUSPICIOUS_MOVE = YES;
				CLANG_WARN_UNGUARDED_AVAILABILITY = YES_AGGRESSIVE;
				CLANG_WARN_UNREACHABLE_CODE = YES;
				CLANG_WARN__DUPLICATE_METHOD_MATCH = YES;
				CODE_SIGN_IDENTITY = "iPhone Developer";
				COPY_PHASE_STRIP = NO;
				DEBUG_INFORMATION_FORMAT = dwarf;
				ENABLE_STRICT_OBJC_MSGSEND = YES;
				ENABLE_TESTABILITY = YES;
				GCC_C_LANGUAGE_STANDARD = gnu11;
				GCC_DYNAMIC_NO_PIC = NO;
				GCC_NO_COMMON_BLOCKS = YES;
				GCC_OPTIMIZATION_LEVEL = 0;
				GCC_PREPROCESSOR_DEFINITIONS = (
					"DEBUG=1",
					"$(inherited)",
				);
				GCC_WARN_64_TO_32_BIT_CONVERSION = YES;
				GCC_WARN_ABOUT_RETURN_TYPE = YES_ERROR;
				GCC_WARN_UNDECLARED_SELECTOR = YES;
				GCC_WARN_UNINITIALIZED_AUTOS = YES_AGGRESSIVE;
				GCC_WARN_UNUSED_FUNCTION = YES;
				GCC_WARN_UNUSED_VARIABLE = YES;
				IPHONEOS_DEPLOYMENT_TARGET = 11.4;
				MTL_ENABLE_DEBUG_INFO = YES;
				ONLY_ACTIVE_ARCH = YES;
				SDKROOT = iphoneos;
				SWIFT_ACTIVE_COMPILATION_CONDITIONS = DEBUG;
				SWIFT_OPTIMIZATION_LEVEL = "-Onone";
			};
			name = Debug;
		};
		7A27D6EA21085E0600CB3084 /* Release */ = {
			isa = XCBuildConfiguration;
			buildSettings = {
				ALWAYS_SEARCH_USER_PATHS = NO;
				CLANG_ANALYZER_NONNULL = YES;
				CLANG_ANALYZER_NUMBER_OBJECT_CONVERSION = YES_AGGRESSIVE;
				CLANG_CXX_LANGUAGE_STANDARD = "gnu++14";
				CLANG_CXX_LIBRARY = "libc++";
				CLANG_ENABLE_MODULES = YES;
				CLANG_ENABLE_OBJC_ARC = YES;
				CLANG_ENABLE_OBJC_WEAK = YES;
				CLANG_WARN_BLOCK_CAPTURE_AUTORELEASING = YES;
				CLANG_WARN_BOOL_CONVERSION = YES;
				CLANG_WARN_COMMA = YES;
				CLANG_WARN_CONSTANT_CONVERSION = YES;
				CLANG_WARN_DEPRECATED_OBJC_IMPLEMENTATIONS = YES;
				CLANG_WARN_DIRECT_OBJC_ISA_USAGE = YES_ERROR;
				CLANG_WARN_DOCUMENTATION_COMMENTS = YES;
				CLANG_WARN_EMPTY_BODY = YES;
				CLANG_WARN_ENUM_CONVERSION = YES;
				CLANG_WARN_INFINITE_RECURSION = YES;
				CLANG_WARN_INT_CONVERSION = YES;
				CLANG_WARN_NON_LITERAL_NULL_CONVERSION = YES;
				CLANG_WARN_OBJC_IMPLICIT_RETAIN_SELF = YES;
				CLANG_WARN_OBJC_LITERAL_CONVERSION = YES;
				CLANG_WARN_OBJC_ROOT_CLASS = YES_ERROR;
				CLANG_WARN_RANGE_LOOP_ANALYSIS = YES;
				CLANG_WARN_STRICT_PROTOTYPES = YES;
				CLANG_WARN_SUSPICIOUS_MOVE = YES;
				CLANG_WARN_UNGUARDED_AVAILABILITY = YES_AGGRESSIVE;
				CLANG_WARN_UNREACHABLE_CODE = YES;
				CLANG_WARN__DUPLICATE_METHOD_MATCH = YES;
				CODE_SIGN_IDENTITY = "iPhone Developer";
				COPY_PHASE_STRIP = NO;
				DEBUG_INFORMATION_FORMAT = "dwarf-with-dsym";
				ENABLE_NS_ASSERTIONS = NO;
				ENABLE_STRICT_OBJC_MSGSEND = YES;
				GCC_C_LANGUAGE_STANDARD = gnu11;
				GCC_NO_COMMON_BLOCKS = YES;
				GCC_WARN_64_TO_32_BIT_CONVERSION = YES;
				GCC_WARN_ABOUT_RETURN_TYPE = YES_ERROR;
				GCC_WARN_UNDECLARED_SELECTOR = YES;
				GCC_WARN_UNINITIALIZED_AUTOS = YES_AGGRESSIVE;
				GCC_WARN_UNUSED_FUNCTION = YES;
				GCC_WARN_UNUSED_VARIABLE = YES;
				IPHONEOS_DEPLOYMENT_TARGET = 11.4;
				MTL_ENABLE_DEBUG_INFO = NO;
				SDKROOT = iphoneos;
				SWIFT_COMPILATION_MODE = wholemodule;
				SWIFT_OPTIMIZATION_LEVEL = "-O";
				VALIDATE_PRODUCT = YES;
			};
			name = Release;
		};
		7A27D6EC21085E0600CB3084 /* Debug */ = {
			isa = XCBuildConfiguration;
			baseConfigurationReference = 7832263BEAE9F99EF1435571 /* Pods-pomodoro.debug.xcconfig */;
			buildSettings = {
				ASSETCATALOG_COMPILER_APPICON_NAME = AppIcon;
				CODE_SIGN_STYLE = Automatic;
				DEVELOPMENT_TEAM = YN64Q62HBT;
				INFOPLIST_FILE = pomodoro/Info.plist;
				LD_RUNPATH_SEARCH_PATHS = (
					"$(inherited)",
					"@executable_path/Frameworks",
				);
				PRODUCT_BUNDLE_IDENTIFIER = com.reo.pomodoro;
				PRODUCT_NAME = "$(TARGET_NAME)";
				SWIFT_VERSION = 4.0;
				TARGETED_DEVICE_FAMILY = "1,2";
			};
			name = Debug;
		};
		7A27D6ED21085E0600CB3084 /* Release */ = {
			isa = XCBuildConfiguration;
			baseConfigurationReference = D7AFB18B769E2129C5B23387 /* Pods-pomodoro.release.xcconfig */;
			buildSettings = {
				ASSETCATALOG_COMPILER_APPICON_NAME = AppIcon;
				CODE_SIGN_STYLE = Automatic;
				DEVELOPMENT_TEAM = YN64Q62HBT;
				INFOPLIST_FILE = pomodoro/Info.plist;
				LD_RUNPATH_SEARCH_PATHS = (
					"$(inherited)",
					"@executable_path/Frameworks",
				);
				PRODUCT_BUNDLE_IDENTIFIER = com.reo.pomodoro;
				PRODUCT_NAME = "$(TARGET_NAME)";
				SWIFT_VERSION = 4.0;
				TARGETED_DEVICE_FAMILY = "1,2";
			};
			name = Release;
		};
/* End XCBuildConfiguration section */

/* Begin XCConfigurationList section */
		7A27D6D121085E0400CB3084 /* Build configuration list for PBXProject "pomodoro" */ = {
			isa = XCConfigurationList;
			buildConfigurations = (
				7A27D6E921085E0600CB3084 /* Debug */,
				7A27D6EA21085E0600CB3084 /* Release */,
			);
			defaultConfigurationIsVisible = 0;
			defaultConfigurationName = Release;
		};
		7A27D6EB21085E0600CB3084 /* Build configuration list for PBXNativeTarget "pomodoro" */ = {
			isa = XCConfigurationList;
			buildConfigurations = (
				7A27D6EC21085E0600CB3084 /* Debug */,
				7A27D6ED21085E0600CB3084 /* Release */,
			);
			defaultConfigurationIsVisible = 0;
			defaultConfigurationName = Release;
		};
/* End XCConfigurationList section */

/* Begin XCVersionGroup section */
		7A27D6E021085E0400CB3084 /* pomodoro.xcdatamodeld */ = {
			isa = XCVersionGroup;
			children = (
				7A27D6E121085E0400CB3084 /* pomodoro.xcdatamodel */,
			);
			currentVersion = 7A27D6E121085E0400CB3084 /* pomodoro.xcdatamodel */;
			path = pomodoro.xcdatamodeld;
			sourceTree = "<group>";
			versionGroupType = wrapper.xcdatamodel;
		};
/* End XCVersionGroup section */
	};
	rootObject = 7A27D6CE21085E0400CB3084 /* Project object */;
}
